{
  "originHash" : "911fb96da7e1e0d3cbd2be9a7a7fc88117d491621717bf4f4d6df5d4afe9ee52",
  "pins" : [
    {
      "identity" : "asyncbluetooth",
      "kind" : "remoteSourceControl",
      "location" : "https://github.com/manolofdez/AsyncBluetooth",
      "state" : {
        "revision" : "10c00f6d7af8264bc9f4ce1c20a6544dbf6a2147",
        "version" : "6.0.0"
      }
    }
  ],
  "version" : 3
}
